// !$*UTF8*$!
{
	archiveVersion = 1;
	classes = {
	};
	objectVersion = 77;
	objects = {

/* Begin PBXContainerItemProxy section */
		25818D892E4DBC1800422FA8 /* PBXContainerItemProxy */ = {
			isa = PBXContainerItemProxy;
			containerPortal = 25818D722E4DBC1700422FA8 /* Project object */;
			proxyType = 1;
			remoteGlobalIDString = 25818D792E4DBC1700422FA8;
			remoteInfo = "Desktop Vdieo";
		};
		25818D932E4DBC1800422FA8 /* PBXContainerItemProxy */ = {
			isa = PBXContainerItemProxy;
			containerPortal = 25818D722E4DBC1700422FA8 /* Project object */;
			proxyType = 1;
			remoteGlobalIDString = 25818D792E4DBC1700422FA8;
			remoteInfo = "Desktop Vdieo";
		};
/* End PBXContainerItemProxy section */

/* Begin PBXFileReference section */
		25818D7A2E4DBC1700422FA8 /* Desktop Vdieo.app */ = {isa = PBXFileReference; explicitFileType = wrapper.application; includeInIndex = 0; path = "Desktop Vdieo.app"; sourceTree = BUILT_PRODUCTS_DIR; };
		25818D882E4DBC1800422FA8 /* Desktop VdieoTests.xctest */ = {isa = PBXFileReference; explicitFileType = wrapper.cfbundle; includeInIndex = 0; path = "Desktop VdieoTests.xctest"; sourceTree = BUILT_PRODUCTS_DIR; };
		25818D922E4DBC1800422FA8 /* Desktop VdieoUITests.xctest */ = {isa = PBXFileReference; explicitFileType = wrapper.cfbundle; includeInIndex = 0; path = "Desktop VdieoUITests.xctest"; sourceTree = BUILT_PRODUCTS_DIR; };
/* End PBXFileReference section */

/* Begin PBXFileSystemSynchronizedRootGroup section */
		25818D7C2E4DBC1700422FA8 /* Desktop Vdieo */ = {
			isa = PBXFileSystemSynchronizedRootGroup;
			path = "Desktop Vdieo";
			sourceTree = "<group>";
		};
		25818D8B2E4DBC1800422FA8 /* Desktop VdieoTests */ = {
			isa = PBXFileSystemSynchronizedRootGroup;
			path = "Desktop VdieoTests";
			sourceTree = "<group>";
		};
		25818D952E4DBC1800422FA8 /* Desktop VdieoUITests */ = {
			isa = PBXFileSystemSynchronizedRootGroup;
			path = "Desktop VdieoUITests";
			sourceTree = "<group>";
		};
/* End PBXFileSystemSynchronizedRootGroup section */

/* Begin PBXFrameworksBuildPhase section */
		25818D772E4DBC1700422FA8 /* Frameworks */ = {
			isa = PBXFrameworksBuildPhase;
			buildActionMask = 2147483647;
			files = (
			);
			runOnlyForDeploymentPostprocessing = 0;
		};
		25818D852E4DBC1800422FA8 /* Frameworks */ = {
			isa = PBXFrameworksBuildPhase;
			buildActionMask = 2147483647;
			files = (
			);
			runOnlyForDeploymentPostprocessing = 0;
		};
		25818D8F2E4DBC1800422FA8 /* Frameworks */ = {
			isa = PBXFrameworksBuildPhase;
			buildActionMask = 2147483647;
			files = (
			);
			runOnlyForDeploymentPostprocessing = 0;
		};
/* End PBXFrameworksBuildPhase section */

/* Begin PBXGroup section */
		25818D712E4DBC1700422FA8 = {
			isa = PBXGroup;
			children = (
				25818D7C2E4DBC1700422FA8 /* Desktop Vdieo */,
				25818D8B2E4DBC1800422FA8 /* Desktop VdieoTests */,
				25818D952E4DBC1800422FA8 /* Desktop VdieoUITests */,
				25818D7B2E4DBC1700422FA8 /* Products */,
			);
			sourceTree = "<group>";
		};
		25818D7B2E4DBC1700422FA8 /* Products */ = {
			isa = PBXGroup;
			children = (
				25818D7A2E4DBC1700422FA8 /* Desktop Vdieo.app */,
				25818D882E4DBC1800422FA8 /* Desktop VdieoTests.xctest */,
				25818D922E4DBC1800422FA8 /* Desktop VdieoUITests.xctest */,
			);
			name = Products;
			sourceTree = "<group>";
		};
/* End PBXGroup section */

/* Begin PBXNativeTarget section */
		25818D792E4DBC1700422FA8 /* Desktop Vdieo */ = {
			isa = PBXNativeTarget;
			buildConfigurationList = 25818D9C2E4DBC1800422FA8 /* Build configuration list for PBXNativeTarget "Desktop Vdieo" */;
			buildPhases = (
				25818D762E4DBC1700422FA8 /* Sources */,
				25818D772E4DBC1700422FA8 /* Frameworks */,
				25818D782E4DBC1700422FA8 /* Resources */,
			);
			buildRules = (
			);
			dependencies = (
			);
			fileSystemSynchronizedGroups = (
				25818D7C2E4DBC1700422FA8 /* Desktop Vdieo */,
			);
			name = "Desktop Vdieo";
			packageProductDependencies = (
			);
			productName = "Desktop Vdieo";
			productReference = 25818D7A2E4DBC1700422FA8 /* Desktop Vdieo.app */;
			productType = "com.apple.product-type.application";
		};
		25818D872E4DBC1800422FA8 /* Desktop VdieoTests */ = {
			isa = PBXNativeTarget;
			buildConfigurationList = 25818D9F2E4DBC1800422FA8 /* Build configuration list for PBXNativeTarget "Desktop VdieoTests" */;
			buildPhases = (
				25818D842E4DBC1800422FA8 /* Sources */,
				25818D852E4DBC1800422FA8 /* Frameworks */,
				25818D862E4DBC1800422FA8 /* Resources */,
			);
			buildRules = (
			);
			dependencies = (
				25818D8A2E4DBC1800422FA8 /* PBXTargetDependency */,
			);
			fileSystemSynchronizedGroups = (
				25818D8B2E4DBC1800422FA8 /* Desktop VdieoTests */,
			);
			name = "Desktop VdieoTests";
			packageProductDependencies = (
			);
			productName = "Desktop VdieoTests";
			productReference = 25818D882E4DBC1800422FA8 /* Desktop VdieoTests.xctest */;
			productType = "com.apple.product-type.bundle.unit-test";
		};
		25818D912E4DBC1800422FA8 /* Desktop VdieoUITests */ = {
			isa = PBXNativeTarget;
			buildConfigurationList = 25818DA22E4DBC1800422FA8 /* Build configuration list for PBXNativeTarget "Desktop VdieoUITests" */;
			buildPhases = (
				25818D8E2E4DBC1800422FA8 /* Sources */,
				25818D8F2E4DBC1800422FA8 /* Frameworks */,
				25818D902E4DBC1800422FA8 /* Resources */,
			);
			buildRules = (
			);
			dependencies = (
				25818D942E4DBC1800422FA8 /* PBXTargetDependency */,
			);
			fileSystemSynchronizedGroups = (
				25818D952E4DBC1800422FA8 /* Desktop VdieoUITests */,
			);
			name = "Desktop VdieoUITests";
			packageProductDependencies = (
			);
			productName = "Desktop VdieoUITests";
			productReference = 25818D922E4DBC1800422FA8 /* Desktop VdieoUITests.xctest */;
			productType = "com.apple.product-type.bundle.ui-testing";
		};
/* End PBXNativeTarget section */

/* Begin PBXProject section */
		25818D722E4DBC1700422FA8 /* Project object */ = {
			isa = PBXProject;
			attributes = {
				BuildIndependentTargetsInParallel = 1;
				LastSwiftUpdateCheck = 1640;
				LastUpgradeCheck = 1640;
				TargetAttributes = {
					25818D792E4DBC1700422FA8 = {
						CreatedOnToolsVersion = 16.4;
					};
					25818D872E4DBC1800422FA8 = {
						CreatedOnToolsVersion = 16.4;
						TestTargetID = 25818D792E4DBC1700422FA8;
					};
					25818D912E4DBC1800422FA8 = {
						CreatedOnToolsVersion = 16.4;
						TestTargetID = 25818D792E4DBC1700422FA8;
					};
				};
			};
			buildConfigurationList = 25818D752E4DBC1700422FA8 /* Build configuration list for PBXProject "Desktop Vdieo" */;
			developmentRegion = en;
			hasScannedForEncodings = 0;
			knownRegions = (
				en,
				Base,
			);
			mainGroup = 25818D712E4DBC1700422FA8;
			minimizedProjectReferenceProxies = 1;
			preferredProjectObjectVersion = 77;
			productRefGroup = 25818D7B2E4DBC1700422FA8 /* Products */;
			projectDirPath = "";
			projectRoot = "";
			targets = (
				25818D792E4DBC1700422FA8 /* Desktop Vdieo */,
				25818D872E4DBC1800422FA8 /* Desktop VdieoTests */,
				25818D912E4DBC1800422FA8 /* Desktop VdieoUITests */,
			);
		};
/* End PBXProject section */

/* Begin PBXResourcesBuildPhase section */
		25818D782E4DBC1700422FA8 /* Resources */ = {
			isa = PBXResourcesBuildPhase;
			buildActionMask = 2147483647;
			files = (
			);
			runOnlyForDeploymentPostprocessing = 0;
		};
		25818D862E4DBC1800422FA8 /* Resources */ = {
			isa = PBXResourcesBuildPhase;
			buildActionMask = 2147483647;
			files = (
			);
			runOnlyForDeploymentPostprocessing = 0;
		};
		25818D902E4DBC1800422FA8 /* Resources */ = {
			isa = PBXResourcesBuildPhase;
			buildActionMask = 2147483647;
			files = (
			);
			runOnlyForDeploymentPostprocessing = 0;
		};
/* End PBXResourcesBuildPhase section */

/* Begin PBXSourcesBuildPhase section */
		25818D762E4DBC1700422FA8 /* Sources */ = {
			isa = PBXSourcesBuildPhase;
			buildActionMask = 2147483647;
			files = (
			);
			runOnlyForDeploymentPostprocessing = 0;
		};
		25818D842E4DBC1800422FA8 /* Sources */ = {
			isa = PBXSourcesBuildPhase;
			buildActionMask = 2147483647;
			files = (
			);
			runOnlyForDeploymentPostprocessing = 0;
		};
		25818D8E2E4DBC1800422FA8 /* Sources */ = {
			isa = PBXSourcesBuildPhase;
			buildActionMask = 2147483647;
			files = (
			);
			runOnlyForDeploymentPostprocessing = 0;
		};
/* End PBXSourcesBuildPhase section */

/* Begin PBXTargetDependency section */
		25818D8A2E4DBC1800422FA8 /* PBXTargetDependency */ = {
			isa = PBXTargetDependency;
			target = 25818D792E4DBC1700422FA8 /* Desktop Vdieo */;
			targetProxy = 25818D892E4DBC1800422FA8 /* PBXContainerItemProxy */;
		};
		25818D942E4DBC1800422FA8 /* PBXTargetDependency */ = {
			isa = PBXTargetDependency;
			target = 25818D792E4DBC1700422FA8 /* Desktop Vdieo */;
			targetProxy = 25818D932E4DBC1800422FA8 /* PBXContainerItemProxy */;
		};
/* End PBXTargetDependency section */

/* Begin XCBuildConfiguration section */
		25818D9A2E4DBC1800422FA8 /* Debug */ = {
			isa = XCBuildConfiguration;
			buildSettings = {
				ALWAYS_SEARCH_USER_PATHS = NO;
				ASSETCATALOG_COMPILER_GENERATE_SWIFT_ASSET_SYMBOL_EXTENSIONS = YES;
				CLANG_ANALYZER_NONNULL = YES;
				CLANG_ANALYZER_NUMBER_OBJECT_CONVERSION = YES_AGGRESSIVE;
				CLANG_CXX_LANGUAGE_STANDARD = "gnu++20";
				CLANG_ENABLE_MODULES = YES;
				CLANG_ENABLE_OBJC_ARC = YES;
				CLANG_ENABLE_OBJC_WEAK = YES;
				CLANG_WARN_BLOCK_CAPTURE_AUTORELEASING = YES;
				CLANG_WARN_BOOL_CONVERSION = YES;
				CLANG_WARN_COMMA = YES;
				CLANG_WARN_CONSTANT_CONVERSION = YES;
				CLANG_WARN_DEPRECATED_OBJC_IMPLEMENTATIONS = YES;
				CLANG_WARN_DIRECT_OBJC_ISA_USAGE = YES_ERROR;
				CLANG_WARN_DOCUMENTATION_COMMENTS = YES;
				CLANG_WARN_EMPTY_BODY = YES;
				CLANG_WARN_ENUM_CONVERSION = YES;
				CLANG_WARN_INFINITE_RECURSION = YES;
				CLANG_WARN_INT_CONVERSION = YES;
				CLANG_WARN_NON_LITERAL_NULL_CONVERSION = YES;
				CLANG_WARN_OBJC_IMPLICIT_RETAIN_SELF = YES;
				CLANG_WARN_OBJC_LITERAL_CONVERSION = YES;
				CLANG_WARN_OBJC_ROOT_CLASS = YES_ERROR;
				CLANG_WARN_QUOTED_INCLUDE_IN_FRAMEWORK_HEADER = YES;
				CLANG_WARN_RANGE_LOOP_ANALYSIS = YES;
				CLANG_WARN_STRICT_PROTOTYPES = YES;
				CLANG_WARN_SUSPICIOUS_MOVE = YES;
				CLANG_WARN_UNGUARDED_AVAILABILITY = YES_AGGRESSIVE;
				CLANG_WARN_UNREACHABLE_CODE = YES;
				CLANG_WARN__DUPLICATE_METHOD_MATCH = YES;
				COPY_PHASE_STRIP = NO;
				DEBUG_INFORMATION_FORMAT = dwarf;
				DEVELOPMENT_TEAM = 2R958J3YT6;
				ENABLE_STRICT_OBJC_MSGSEND = YES;
				ENABLE_TESTABILITY = YES;
				ENABLE_USER_SCRIPT_SANDBOXING = YES;
				GCC_C_LANGUAGE_STANDARD = gnu17;
				GCC_DYNAMIC_NO_PIC = NO;
				GCC_NO_COMMON_BLOCKS = YES;
				GCC_OPTIMIZATION_LEVEL = 0;
				GCC_PREPROCESSOR_DEFINITIONS = (
					"DEBUG=1",
					"$(inherited)",
				);
				GCC_WARN_64_TO_32_BIT_CONVERSION = YES;
				GCC_WARN_ABOUT_RETURN_TYPE = YES_ERROR;
				GCC_WARN_UNDECLARED_SELECTOR = YES;
				GCC_WARN_UNINITIALIZED_AUTOS = YES_AGGRESSIVE;
				GCC_WARN_UNUSED_FUNCTION = YES;
				GCC_WARN_UNUSED_VARIABLE = YES;
				LOCALIZATION_PREFERS_STRING_CATALOGS = YES;
				MACOSX_DEPLOYMENT_TARGET = 15.5;
				MTL_ENABLE_DEBUG_INFO = INCLUDE_SOURCE;
				MTL_FAST_MATH = YES;
				ONLY_ACTIVE_ARCH = YES;
				SDKROOT = macosx;
				SWIFT_ACTIVE_COMPILATION_CONDITIONS = "DEBUG $(inherited)";
				SWIFT_OPTIMIZATION_LEVEL = "-Onone";
			};
			name = Debug;
		};
		25818D9B2E4DBC1800422FA8 /* Release */ = {
			isa = XCBuildConfiguration;
			buildSettings = {
				ALWAYS_SEARCH_USER_PATHS = NO;
				ASSETCATALOG_COMPILER_GENERATE_SWIFT_ASSET_SYMBOL_EXTENSIONS = YES;
				CLANG_ANALYZER_NONNULL = YES;
				CLANG_ANALYZER_NUMBER_OBJECT_CONVERSION = YES_AGGRESSIVE;
				CLANG_CXX_LANGUAGE_STANDARD = "gnu++20";
				CLANG_ENABLE_MODULES = YES;
				CLANG_ENABLE_OBJC_ARC = YES;
				CLANG_ENABLE_OBJC_WEAK = YES;
				CLANG_WARN_BLOCK_CAPTURE_AUTORELEASING = YES;
				CLANG_WARN_BOOL_CONVERSION = YES;
				CLANG_WARN_COMMA = YES;
				CLANG_WARN_CONSTANT_CONVERSION = YES;
				CLANG_WARN_DEPRECATED_OBJC_IMPLEMENTATIONS = YES;
				CLANG_WARN_DIRECT_OBJC_ISA_USAGE = YES_ERROR;
				CLANG_WARN_DOCUMENTATION_COMMENTS = YES;
				CLANG_WARN_EMPTY_BODY = YES;
				CLANG_WARN_ENUM_CONVERSION = YES;
				CLANG_WARN_INFINITE_RECURSION = YES;
				CLANG_WARN_INT_CONVERSION = YES;
				CLANG_WARN_NON_LITERAL_NULL_CONVERSION = YES;
				CLANG_WARN_OBJC_IMPLICIT_RETAIN_SELF = YES;
				CLANG_WARN_OBJC_LITERAL_CONVERSION = YES;
				CLANG_WARN_OBJC_ROOT_CLASS = YES_ERROR;
				CLANG_WARN_QUOTED_INCLUDE_IN_FRAMEWORK_HEADER = YES;
				CLANG_WARN_RANGE_LOOP_ANALYSIS = YES;
				CLANG_WARN_STRICT_PROTOTYPES = YES;
				CLANG_WARN_SUSPICIOUS_MOVE = YES;
				CLANG_WARN_UNGUARDED_AVAILABILITY = YES_AGGRESSIVE;
				CLANG_WARN_UNREACHABLE_CODE = YES;
				CLANG_WARN__DUPLICATE_METHOD_MATCH = YES;
				COPY_PHASE_STRIP = NO;
				DEBUG_INFORMATION_FORMAT = "dwarf-with-dsym";
				DEVELOPMENT_TEAM = 2R958J3YT6;
				ENABLE_NS_ASSERTIONS = NO;
				ENABLE_STRICT_OBJC_MSGSEND = YES;
				ENABLE_USER_SCRIPT_SANDBOXING = YES;
				GCC_C_LANGUAGE_STANDARD = gnu17;
				GCC_NO_COMMON_BLOCKS = YES;
				GCC_WARN_64_TO_32_BIT_CONVERSION = YES;
				GCC_WARN_ABOUT_RETURN_TYPE = YES_ERROR;
				GCC_WARN_UNDECLARED_SELECTOR = YES;
				GCC_WARN_UNINITIALIZED_AUTOS = YES_AGGRESSIVE;
				GCC_WARN_UNUSED_FUNCTION = YES;
				GCC_WARN_UNUSED_VARIABLE = YES;
				LOCALIZATION_PREFERS_STRING_CATALOGS = YES;
				MACOSX_DEPLOYMENT_TARGET = 15.5;
				MTL_ENABLE_DEBUG_INFO = NO;
				MTL_FAST_MATH = YES;
				SDKROOT = macosx;
				SWIFT_COMPILATION_MODE = wholemodule;
			};
			name = Release;
		};
		25818D9D2E4DBC1800422FA8 /* Debug */ = {
			isa = XCBuildConfiguration;
			buildSettings = {
				ASSETCATALOG_COMPILER_APPICON_NAME = AppIcon;
				ASSETCATALOG_COMPILER_GLOBAL_ACCENT_COLOR_NAME = AccentColor;
				CODE_SIGN_ENTITLEMENTS = "Desktop Vdieo/Desktop_Vdieo.entitlements";
				"CODE_SIGN_IDENTITY[sdk=macosx*]" = "-";
				CODE_SIGN_STYLE = Automatic;
				COMBINE_HIDPI_IMAGES = YES;
				CURRENT_PROJECT_VERSION = 20250814;
				DEVELOPMENT_TEAM = 2R958J3YT6;
				ENABLE_HARDENED_RUNTIME = YES;
				ENABLE_PREVIEWS = YES;
				GENERATE_INFOPLIST_FILE = YES;
				INFOPLIST_KEY_CFBundleDisplayName = "Desktop Video";
				INFOPLIST_KEY_LSApplicationCategoryType = "public.app-category.video";
				INFOPLIST_KEY_NSHumanReadableCopyright = "";
				LD_RUNPATH_SEARCH_PATHS = (
					"$(inherited)",
					"@executable_path/../Frameworks",
				);
				MACOSX_DEPLOYMENT_TARGET = 12.4;
				MARKETING_VERSION = 3.1;
				PRODUCT_BUNDLE_IDENTIFIER = "TzJ.Desktop-Vdieo";
				PRODUCT_NAME = "$(TARGET_NAME)";
				REGISTER_APP_GROUPS = YES;
				SWIFT_EMIT_LOC_STRINGS = YES;
				SWIFT_VERSION = 5.0;
			};
			name = Debug;
		};
		25818D9E2E4DBC1800422FA8 /* Release */ = {
			isa = XCBuildConfiguration;
			buildSettings = {
				ASSETCATALOG_COMPILER_APPICON_NAME = AppIcon;
				ASSETCATALOG_COMPILER_GLOBAL_ACCENT_COLOR_NAME = AccentColor;
				CODE_SIGN_ENTITLEMENTS = "Desktop Vdieo/Desktop_Vdieo.entitlements";
				"CODE_SIGN_IDENTITY[sdk=macosx*]" = "-";
				CODE_SIGN_STYLE = Automatic;
				COMBINE_HIDPI_IMAGES = YES;
				CURRENT_PROJECT_VERSION = 20250814;
				DEVELOPMENT_TEAM = 2R958J3YT6;
				ENABLE_HARDENED_RUNTIME = YES;
				ENABLE_PREVIEWS = YES;
				GENERATE_INFOPLIST_FILE = YES;
				INFOPLIST_KEY_CFBundleDisplayName = "Desktop Video";
				INFOPLIST_KEY_LSApplicationCategoryType = "public.app-category.video";
				INFOPLIST_KEY_NSHumanReadableCopyright = "";
				LD_RUNPATH_SEARCH_PATHS = (
					"$(inherited)",
					"@executable_path/../Frameworks",
				);
				MACOSX_DEPLOYMENT_TARGET = 12.4;
				MARKETING_VERSION = 3.1;
				PRODUCT_BUNDLE_IDENTIFIER = "TzJ.Desktop-Vdieo";
				PRODUCT_NAME = "$(TARGET_NAME)";
				REGISTER_APP_GROUPS = YES;
				SWIFT_EMIT_LOC_STRINGS = YES;
				SWIFT_VERSION = 5.0;
			};
			name = Release;
		};
		25818DA02E4DBC1800422FA8 /* Debug */ = {
			isa = XCBuildConfiguration;
			buildSettings = {
				BUNDLE_LOADER = "$(TEST_HOST)";
				CODE_SIGN_STYLE = Automatic;
				CURRENT_PROJECT_VERSION = 1;
				DEVELOPMENT_TEAM = 2R958J3YT6;
				GENERATE_INFOPLIST_FILE = YES;
				MACOSX_DEPLOYMENT_TARGET = 15.5;
				MARKETING_VERSION = 1.0;
				PRODUCT_BUNDLE_IDENTIFIER = "TzJ.Desktop-VdieoTests";
				PRODUCT_NAME = "$(TARGET_NAME)";
				SWIFT_EMIT_LOC_STRINGS = NO;
				SWIFT_VERSION = 5.0;
				TEST_HOST = "$(BUILT_PRODUCTS_DIR)/Desktop Vdieo.app/$(BUNDLE_EXECUTABLE_FOLDER_PATH)/Desktop Vdieo";
			};
			name = Debug;
		};
		25818DA12E4DBC1800422FA8 /* Release */ = {
			isa = XCBuildConfiguration;
			buildSettings = {
				BUNDLE_LOADER = "$(TEST_HOST)";
				CODE_SIGN_STYLE = Automatic;
				CURRENT_PROJECT_VERSION = 1;
				DEVELOPMENT_TEAM = 2R958J3YT6;
				GENERATE_INFOPLIST_FILE = YES;
				MACOSX_DEPLOYMENT_TARGET = 15.5;
				MARKETING_VERSION = 1.0;
				PRODUCT_BUNDLE_IDENTIFIER = "TzJ.Desktop-VdieoTests";
				PRODUCT_NAME = "$(TARGET_NAME)";
				SWIFT_EMIT_LOC_STRINGS = NO;
				SWIFT_VERSION = 5.0;
				TEST_HOST = "$(BUILT_PRODUCTS_DIR)/Desktop Vdieo.app/$(BUNDLE_EXECUTABLE_FOLDER_PATH)/Desktop Vdieo";
			};
			name = Release;
		};
		25818DA32E4DBC1800422FA8 /* Debug */ = {
			isa = XCBuildConfiguration;
			buildSettings = {
				CODE_SIGN_STYLE = Automatic;
				CURRENT_PROJECT_VERSION = 1;
				DEVELOPMENT_TEAM = 2R958J3YT6;
				GENERATE_INFOPLIST_FILE = YES;
				MARKETING_VERSION = 1.0;
				PRODUCT_BUNDLE_IDENTIFIER = "TzJ.Desktop-VdieoUITests";
				PRODUCT_NAME = "$(TARGET_NAME)";
				SWIFT_EMIT_LOC_STRINGS = NO;
				SWIFT_VERSION = 5.0;
				TEST_TARGET_NAME = "Desktop Vdieo";
			};
			name = Debug;
		};
		25818DA42E4DBC1800422FA8 /* Release */ = {
			isa = XCBuildConfiguration;
			buildSettings = {
				CODE_SIGN_STYLE = Automatic;
				CURRENT_PROJECT_VERSION = 1;
				DEVELOPMENT_TEAM = 2R958J3YT6;
				GENERATE_INFOPLIST_FILE = YES;
				MARKETING_VERSION = 1.0;
				PRODUCT_BUNDLE_IDENTIFIER = "TzJ.Desktop-VdieoUITests";
				PRODUCT_NAME = "$(TARGET_NAME)";
				SWIFT_EMIT_LOC_STRINGS = NO;
				SWIFT_VERSION = 5.0;
				TEST_TARGET_NAME = "Desktop Vdieo";
			};
			name = Release;
		};
/* End XCBuildConfiguration section */

/* Begin XCConfigurationList section */
		25818D752E4DBC1700422FA8 /* Build configuration list for PBXProject "Desktop Vdieo" */ = {
			isa = XCConfigurationList;
			buildConfigurations = (
				25818D9A2E4DBC1800422FA8 /* Debug */,
				25818D9B2E4DBC1800422FA8 /* Release */,
			);
			defaultConfigurationIsVisible = 0;
			defaultConfigurationName = Release;
		};
		25818D9C2E4DBC1800422FA8 /* Build configuration list for PBXNativeTarget "Desktop Vdieo" */ = {
			isa = XCConfigurationList;
			buildConfigurations = (
				25818D9D2E4DBC1800422FA8 /* Debug */,
				25818D9E2E4DBC1800422FA8 /* Release */,
			);
			defaultConfigurationIsVisible = 0;
			defaultConfigurationName = Release;
		};
		25818D9F2E4DBC1800422FA8 /* Build configuration list for PBXNativeTarget "Desktop VdieoTests" */ = {
			isa = XCConfigurationList;
			buildConfigurations = (
				25818DA02E4DBC1800422FA8 /* Debug */,
				25818DA12E4DBC1800422FA8 /* Release */,
			);
			defaultConfigurationIsVisible = 0;
			defaultConfigurationName = Release;
		};
		25818DA22E4DBC1800422FA8 /* Build configuration list for PBXNativeTarget "Desktop VdieoUITests" */ = {
			isa = XCConfigurationList;
			buildConfigurations = (
				25818DA32E4DBC1800422FA8 /* Debug */,
				25818DA42E4DBC1800422FA8 /* Release */,
			);
			defaultConfigurationIsVisible = 0;
			defaultConfigurationName = Release;
		};
/* End XCConfigurationList section */
	};
	rootObject = 25818D722E4DBC1700422FA8 /* Project object */;
}
