// !$*UTF8*$!
{
	archiveVersion = 1;
	classes = {
	};
	objectVersion = 77;
	objects = {

/* Begin PBXContainerItemProxy section */
		250B7F192E0139F700B06A31 /* PBXContainerItemProxy */ = {
			isa = PBXContainerItemProxy;
			containerPortal = 250B7F022E0139F600B06A31 /* Project object */;
			proxyType = 1;
			remoteGlobalIDString = 250B7F092E0139F600B06A31;
			remoteInfo = SoundControl;
		};
		250B7F232E0139F700B06A31 /* PBXContainerItemProxy */ = {
			isa = PBXContainerItemProxy;
			containerPortal = 250B7F022E0139F600B06A31 /* Project object */;
			proxyType = 1;
			remoteGlobalIDString = 250B7F092E0139F600B06A31;
			remoteInfo = SoundControl;
		};
/* End PBXContainerItemProxy section */

/* Begin PBXFileReference section */
		250B7F0A2E0139F600B06A31 /* SoundControl.app */ = {isa = PBXFileReference; explicitFileType = wrapper.application; includeInIndex = 0; path = SoundControl.app; sourceTree = BUILT_PRODUCTS_DIR; };
		250B7F182E0139F700B06A31 /* SoundControlTests.xctest */ = {isa = PBXFileReference; explicitFileType = wrapper.cfbundle; includeInIndex = 0; path = SoundControlTests.xctest; sourceTree = BUILT_PRODUCTS_DIR; };
		250B7F222E0139F700B06A31 /* SoundControlUITests.xctest */ = {isa = PBXFileReference; explicitFileType = wrapper.cfbundle; includeInIndex = 0; path = SoundControlUITests.xctest; sourceTree = BUILT_PRODUCTS_DIR; };
/* End PBXFileReference section */

/* Begin PBXFileSystemSynchronizedRootGroup section */
		250B7F0C2E0139F600B06A31 /* SoundControl */ = {
			isa = PBXFileSystemSynchronizedRootGroup;
			path = SoundControl;
			sourceTree = "<group>";
		};
		250B7F1B2E0139F700B06A31 /* SoundControlTests */ = {
			isa = PBXFileSystemSynchronizedRootGroup;
			path = SoundControlTests;
			sourceTree = "<group>";
		};
		250B7F252E0139F700B06A31 /* SoundControlUITests */ = {
			isa = PBXFileSystemSynchronizedRootGroup;
			path = SoundControlUITests;
			sourceTree = "<group>";
		};
/* End PBXFileSystemSynchronizedRootGroup section */

/* Begin PBXFrameworksBuildPhase section */
		250B7F072E0139F600B06A31 /* Frameworks */ = {
			isa = PBXFrameworksBuildPhase;
			buildActionMask = 2147483647;
			files = (
			);
			runOnlyForDeploymentPostprocessing = 0;
		};
		250B7F152E0139F700B06A31 /* Frameworks */ = {
			isa = PBXFrameworksBuildPhase;
			buildActionMask = 2147483647;
			files = (
			);
			runOnlyForDeploymentPostprocessing = 0;
		};
		250B7F1F2E0139F700B06A31 /* Frameworks */ = {
			isa = PBXFrameworksBuildPhase;
			buildActionMask = 2147483647;
			files = (
			);
			runOnlyForDeploymentPostprocessing = 0;
		};
/* End PBXFrameworksBuildPhase section */

/* Begin PBXGroup section */
		250B7F012E0139F600B06A31 = {
			isa = PBXGroup;
			children = (
				250B7F0C2E0139F600B06A31 /* SoundControl */,
				250B7F1B2E0139F700B06A31 /* SoundControlTests */,
				250B7F252E0139F700B06A31 /* SoundControlUITests */,
				250B7F0B2E0139F600B06A31 /* Products */,
			);
			sourceTree = "<group>";
		};
		250B7F0B2E0139F600B06A31 /* Products */ = {
			isa = PBXGroup;
			children = (
				250B7F0A2E0139F600B06A31 /* SoundControl.app */,
				250B7F182E0139F700B06A31 /* SoundControlTests.xctest */,
				250B7F222E0139F700B06A31 /* SoundControlUITests.xctest */,
			);
			name = Products;
			sourceTree = "<group>";
		};
/* End PBXGroup section */

/* Begin PBXNativeTarget section */
		250B7F092E0139F600B06A31 /* SoundControl */ = {
			isa = PBXNativeTarget;
			buildConfigurationList = 250B7F2C2E0139F700B06A31 /* Build configuration list for PBXNativeTarget "SoundControl" */;
			buildPhases = (
				250B7F062E0139F600B06A31 /* Sources */,
				250B7F072E0139F600B06A31 /* Frameworks */,
				250B7F082E0139F600B06A31 /* Resources */,
			);
			buildRules = (
			);
			dependencies = (
			);
			fileSystemSynchronizedGroups = (
				250B7F0C2E0139F600B06A31 /* SoundControl */,
			);
			name = SoundControl;
			packageProductDependencies = (
			);
			productName = SoundControl;
			productReference = 250B7F0A2E0139F600B06A31 /* SoundControl.app */;
			productType = "com.apple.product-type.application";
		};
		250B7F172E0139F700B06A31 /* SoundControlTests */ = {
			isa = PBXNativeTarget;
			buildConfigurationList = 250B7F2F2E0139F700B06A31 /* Build configuration list for PBXNativeTarget "SoundControlTests" */;
			buildPhases = (
				250B7F142E0139F700B06A31 /* Sources */,
				250B7F152E0139F700B06A31 /* Frameworks */,
				250B7F162E0139F700B06A31 /* Resources */,
			);
			buildRules = (
			);
			dependencies = (
				250B7F1A2E0139F700B06A31 /* PBXTargetDependency */,
			);
			fileSystemSynchronizedGroups = (
				250B7F1B2E0139F700B06A31 /* SoundControlTests */,
			);
			name = SoundControlTests;
			packageProductDependencies = (
			);
			productName = SoundControlTests;
			productReference = 250B7F182E0139F700B06A31 /* SoundControlTests.xctest */;
			productType = "com.apple.product-type.bundle.unit-test";
		};
		250B7F212E0139F700B06A31 /* SoundControlUITests */ = {
			isa = PBXNativeTarget;
			buildConfigurationList = 250B7F322E0139F700B06A31 /* Build configuration list for PBXNativeTarget "SoundControlUITests" */;
			buildPhases = (
				250B7F1E2E0139F700B06A31 /* Sources */,
				250B7F1F2E0139F700B06A31 /* Frameworks */,
				250B7F202E0139F700B06A31 /* Resources */,
			);
			buildRules = (
			);
			dependencies = (
				250B7F242E0139F700B06A31 /* PBXTargetDependency */,
			);
			fileSystemSynchronizedGroups = (
				250B7F252E0139F700B06A31 /* SoundControlUITests */,
			);
			name = SoundControlUITests;
			packageProductDependencies = (
			);
			productName = SoundControlUITests;
			productReference = 250B7F222E0139F700B06A31 /* SoundControlUITests.xctest */;
			productType = "com.apple.product-type.bundle.ui-testing";
		};
/* End PBXNativeTarget section */

/* Begin PBXProject section */
		250B7F022E0139F600B06A31 /* Project object */ = {
			isa = PBXProject;
			attributes = {
				BuildIndependentTargetsInParallel = 1;
				LastSwiftUpdateCheck = 1630;
				LastUpgradeCheck = 1630;
				TargetAttributes = {
					250B7F092E0139F600B06A31 = {
						CreatedOnToolsVersion = 16.3;
					};
					250B7F172E0139F700B06A31 = {
						CreatedOnToolsVersion = 16.3;
						TestTargetID = 250B7F092E0139F600B06A31;
					};
					250B7F212E0139F700B06A31 = {
						CreatedOnToolsVersion = 16.3;
						TestTargetID = 250B7F092E0139F600B06A31;
					};
				};
			};
			buildConfigurationList = 250B7F052E0139F600B06A31 /* Build configuration list for PBXProject "SoundControl" */;
			developmentRegion = en;
			hasScannedForEncodings = 0;
			knownRegions = (
				en,
				Base,
			);
			mainGroup = 250B7F012E0139F600B06A31;
			minimizedProjectReferenceProxies = 1;
			preferredProjectObjectVersion = 77;
			productRefGroup = 250B7F0B2E0139F600B06A31 /* Products */;
			projectDirPath = "";
			projectRoot = "";
			targets = (
				250B7F092E0139F600B06A31 /* SoundControl */,
				250B7F172E0139F700B06A31 /* SoundControlTests */,
				250B7F212E0139F700B06A31 /* SoundControlUITests */,
			);
		};
/* End PBXProject section */

/* Begin PBXResourcesBuildPhase section */
		250B7F082E0139F600B06A31 /* Resources */ = {
			isa = PBXResourcesBuildPhase;
			buildActionMask = 2147483647;
			files = (
			);
			runOnlyForDeploymentPostprocessing = 0;
		};
		250B7F162E0139F700B06A31 /* Resources */ = {
			isa = PBXResourcesBuildPhase;
			buildActionMask = 2147483647;
			files = (
			);
			runOnlyForDeploymentPostprocessing = 0;
		};
		250B7F202E0139F700B06A31 /* Resources */ = {
			isa = PBXResourcesBuildPhase;
			buildActionMask = 2147483647;
			files = (
			);
			runOnlyForDeploymentPostprocessing = 0;
		};
/* End PBXResourcesBuildPhase section */

/* Begin PBXSourcesBuildPhase section */
		250B7F062E0139F600B06A31 /* Sources */ = {
			isa = PBXSourcesBuildPhase;
			buildActionMask = 2147483647;
			files = (
			);
			runOnlyForDeploymentPostprocessing = 0;
		};
		250B7F142E0139F700B06A31 /* Sources */ = {
			isa = PBXSourcesBuildPhase;
			buildActionMask = 2147483647;
			files = (
			);
			runOnlyForDeploymentPostprocessing = 0;
		};
		250B7F1E2E0139F700B06A31 /* Sources */ = {
			isa = PBXSourcesBuildPhase;
			buildActionMask = 2147483647;
			files = (
			);
			runOnlyForDeploymentPostprocessing = 0;
		};
/* End PBXSourcesBuildPhase section */

/* Begin PBXTargetDependency section */
		250B7F1A2E0139F700B06A31 /* PBXTargetDependency */ = {
			isa = PBXTargetDependency;
			target = 250B7F092E0139F600B06A31 /* SoundControl */;
			targetProxy = 250B7F192E0139F700B06A31 /* PBXContainerItemProxy */;
		};
		250B7F242E0139F700B06A31 /* PBXTargetDependency */ = {
			isa = PBXTargetDependency;
			target = 250B7F092E0139F600B06A31 /* SoundControl */;
			targetProxy = 250B7F232E0139F700B06A31 /* PBXContainerItemProxy */;
		};
/* End PBXTargetDependency section */

/* Begin XCBuildConfiguration section */
		250B7F2A2E0139F700B06A31 /* Debug */ = {
			isa = XCBuildConfiguration;
			buildSettings = {
				ALWAYS_SEARCH_USER_PATHS = NO;
				ASSETCATALOG_COMPILER_GENERATE_SWIFT_ASSET_SYMBOL_EXTENSIONS = YES;
				CLANG_ANALYZER_NONNULL = YES;
				CLANG_ANALYZER_NUMBER_OBJECT_CONVERSION = YES_AGGRESSIVE;
				CLANG_CXX_LANGUAGE_STANDARD = "gnu++20";
				CLANG_ENABLE_MODULES = YES;
				CLANG_ENABLE_OBJC_ARC = YES;
				CLANG_ENABLE_OBJC_WEAK = YES;
				CLANG_WARN_BLOCK_CAPTURE_AUTORELEASING = YES;
				CLANG_WARN_BOOL_CONVERSION = YES;
				CLANG_WARN_COMMA = YES;
				CLANG_WARN_CONSTANT_CONVERSION = YES;
				CLANG_WARN_DEPRECATED_OBJC_IMPLEMENTATIONS = YES;
				CLANG_WARN_DIRECT_OBJC_ISA_USAGE = YES_ERROR;
				CLANG_WARN_DOCUMENTATION_COMMENTS = YES;
				CLANG_WARN_EMPTY_BODY = YES;
				CLANG_WARN_ENUM_CONVERSION = YES;
				CLANG_WARN_INFINITE_RECURSION = YES;
				CLANG_WARN_INT_CONVERSION = YES;
				CLANG_WARN_NON_LITERAL_NULL_CONVERSION = YES;
				CLANG_WARN_OBJC_IMPLICIT_RETAIN_SELF = YES;
				CLANG_WARN_OBJC_LITERAL_CONVERSION = YES;
				CLANG_WARN_OBJC_ROOT_CLASS = YES_ERROR;
				CLANG_WARN_QUOTED_INCLUDE_IN_FRAMEWORK_HEADER = YES;
				CLANG_WARN_RANGE_LOOP_ANALYSIS = YES;
				CLANG_WARN_STRICT_PROTOTYPES = YES;
				CLANG_WARN_SUSPICIOUS_MOVE = YES;
				CLANG_WARN_UNGUARDED_AVAILABILITY = YES_AGGRESSIVE;
				CLANG_WARN_UNREACHABLE_CODE = YES;
				CLANG_WARN__DUPLICATE_METHOD_MATCH = YES;
				COPY_PHASE_STRIP = NO;
				DEBUG_INFORMATION_FORMAT = dwarf;
				DEVELOPMENT_TEAM = 2R958J3YT6;
				ENABLE_STRICT_OBJC_MSGSEND = YES;
				ENABLE_TESTABILITY = YES;
				ENABLE_USER_SCRIPT_SANDBOXING = YES;
				GCC_C_LANGUAGE_STANDARD = gnu17;
				GCC_DYNAMIC_NO_PIC = NO;
				GCC_NO_COMMON_BLOCKS = YES;
				GCC_OPTIMIZATION_LEVEL = 0;
				GCC_PREPROCESSOR_DEFINITIONS = (
					"DEBUG=1",
					"$(inherited)",
				);
				GCC_WARN_64_TO_32_BIT_CONVERSION = YES;
				GCC_WARN_ABOUT_RETURN_TYPE = YES_ERROR;
				GCC_WARN_UNDECLARED_SELECTOR = YES;
				GCC_WARN_UNINITIALIZED_AUTOS = YES_AGGRESSIVE;
				GCC_WARN_UNUSED_FUNCTION = YES;
				GCC_WARN_UNUSED_VARIABLE = YES;
				LOCALIZATION_PREFERS_STRING_CATALOGS = YES;
				MACOSX_DEPLOYMENT_TARGET = 15.4;
				MTL_ENABLE_DEBUG_INFO = INCLUDE_SOURCE;
				MTL_FAST_MATH = YES;
				ONLY_ACTIVE_ARCH = YES;
				SDKROOT = macosx;
				SWIFT_ACTIVE_COMPILATION_CONDITIONS = "DEBUG $(inherited)";
				SWIFT_OPTIMIZATION_LEVEL = "-Onone";
			};
			name = Debug;
		};
		250B7F2B2E0139F700B06A31 /* Release */ = {
			isa = XCBuildConfiguration;
			buildSettings = {
				ALWAYS_SEARCH_USER_PATHS = NO;
				ASSETCATALOG_COMPILER_GENERATE_SWIFT_ASSET_SYMBOL_EXTENSIONS = YES;
				CLANG_ANALYZER_NONNULL = YES;
				CLANG_ANALYZER_NUMBER_OBJECT_CONVERSION = YES_AGGRESSIVE;
				CLANG_CXX_LANGUAGE_STANDARD = "gnu++20";
				CLANG_ENABLE_MODULES = YES;
				CLANG_ENABLE_OBJC_ARC = YES;
				CLANG_ENABLE_OBJC_WEAK = YES;
				CLANG_WARN_BLOCK_CAPTURE_AUTORELEASING = YES;
				CLANG_WARN_BOOL_CONVERSION = YES;
				CLANG_WARN_COMMA = YES;
				CLANG_WARN_CONSTANT_CONVERSION = YES;
				CLANG_WARN_DEPRECATED_OBJC_IMPLEMENTATIONS = YES;
				CLANG_WARN_DIRECT_OBJC_ISA_USAGE = YES_ERROR;
				CLANG_WARN_DOCUMENTATION_COMMENTS = YES;
				CLANG_WARN_EMPTY_BODY = YES;
				CLANG_WARN_ENUM_CONVERSION = YES;
				CLANG_WARN_INFINITE_RECURSION = YES;
				CLANG_WARN_INT_CONVERSION = YES;
				CLANG_WARN_NON_LITERAL_NULL_CONVERSION = YES;
				CLANG_WARN_OBJC_IMPLICIT_RETAIN_SELF = YES;
				CLANG_WARN_OBJC_LITERAL_CONVERSION = YES;
				CLANG_WARN_OBJC_ROOT_CLASS = YES_ERROR;
				CLANG_WARN_QUOTED_INCLUDE_IN_FRAMEWORK_HEADER = YES;
				CLANG_WARN_RANGE_LOOP_ANALYSIS = YES;
				CLANG_WARN_STRICT_PROTOTYPES = YES;
				CLANG_WARN_SUSPICIOUS_MOVE = YES;
				CLANG_WARN_UNGUARDED_AVAILABILITY = YES_AGGRESSIVE;
				CLANG_WARN_UNREACHABLE_CODE = YES;
				CLANG_WARN__DUPLICATE_METHOD_MATCH = YES;
				COPY_PHASE_STRIP = NO;
				DEBUG_INFORMATION_FORMAT = "dwarf-with-dsym";
				DEVELOPMENT_TEAM = 2R958J3YT6;
				ENABLE_NS_ASSERTIONS = NO;
				ENABLE_STRICT_OBJC_MSGSEND = YES;
				ENABLE_USER_SCRIPT_SANDBOXING = YES;
				GCC_C_LANGUAGE_STANDARD = gnu17;
				GCC_NO_COMMON_BLOCKS = YES;
				GCC_WARN_64_TO_32_BIT_CONVERSION = YES;
				GCC_WARN_ABOUT_RETURN_TYPE = YES_ERROR;
				GCC_WARN_UNDECLARED_SELECTOR = YES;
				GCC_WARN_UNINITIALIZED_AUTOS = YES_AGGRESSIVE;
				GCC_WARN_UNUSED_FUNCTION = YES;
				GCC_WARN_UNUSED_VARIABLE = YES;
				LOCALIZATION_PREFERS_STRING_CATALOGS = YES;
				MACOSX_DEPLOYMENT_TARGET = 15.4;
				MTL_ENABLE_DEBUG_INFO = NO;
				MTL_FAST_MATH = YES;
				SDKROOT = macosx;
				SWIFT_COMPILATION_MODE = wholemodule;
			};
			name = Release;
		};
		250B7F2D2E0139F700B06A31 /* Debug */ = {
			isa = XCBuildConfiguration;
			buildSettings = {
				ASSETCATALOG_COMPILER_APPICON_NAME = AppIcon;
				ASSETCATALOG_COMPILER_GLOBAL_ACCENT_COLOR_NAME = AccentColor;
				CODE_SIGN_ENTITLEMENTS = SoundControl/SoundControl.entitlements;
				CODE_SIGN_STYLE = Automatic;
				COMBINE_HIDPI_IMAGES = YES;
				CURRENT_PROJECT_VERSION = 1;
				DEVELOPMENT_TEAM = 2R958J3YT6;
				ENABLE_HARDENED_RUNTIME = YES;
				ENABLE_PREVIEWS = YES;
				GENERATE_INFOPLIST_FILE = YES;
				INFOPLIST_KEY_NSHumanReadableCopyright = "";
				LD_RUNPATH_SEARCH_PATHS = (
					"$(inherited)",
					"@executable_path/../Frameworks",
				);
				MACOSX_DEPLOYMENT_TARGET = 13.5;
				MARKETING_VERSION = 1.0;
				PRODUCT_BUNDLE_IDENTIFIER = TzJ.SoundControl;
				PRODUCT_NAME = "$(TARGET_NAME)";
				REGISTER_APP_GROUPS = YES;
				SWIFT_EMIT_LOC_STRINGS = YES;
				SWIFT_VERSION = 5.0;
			};
			name = Debug;
		};
		250B7F2E2E0139F700B06A31 /* Release */ = {
			isa = XCBuildConfiguration;
			buildSettings = {
				ASSETCATALOG_COMPILER_APPICON_NAME = AppIcon;
				ASSETCATALOG_COMPILER_GLOBAL_ACCENT_COLOR_NAME = AccentColor;
				CODE_SIGN_ENTITLEMENTS = SoundControl/SoundControl.entitlements;
				CODE_SIGN_STYLE = Automatic;
				COMBINE_HIDPI_IMAGES = YES;
				CURRENT_PROJECT_VERSION = 1;
				DEVELOPMENT_TEAM = 2R958J3YT6;
				ENABLE_HARDENED_RUNTIME = YES;
				ENABLE_PREVIEWS = YES;
				GENERATE_INFOPLIST_FILE = YES;
				INFOPLIST_KEY_NSHumanReadableCopyright = "";
				LD_RUNPATH_SEARCH_PATHS = (
					"$(inherited)",
					"@executable_path/../Frameworks",
				);
				MACOSX_DEPLOYMENT_TARGET = 13.5;
				MARKETING_VERSION = 1.0;
				PRODUCT_BUNDLE_IDENTIFIER = TzJ.SoundControl;
				PRODUCT_NAME = "$(TARGET_NAME)";
				REGISTER_APP_GROUPS = YES;
				SWIFT_EMIT_LOC_STRINGS = YES;
				SWIFT_VERSION = 5.0;
			};
			name = Release;
		};
		250B7F302E0139F700B06A31 /* Debug */ = {
			isa = XCBuildConfiguration;
			buildSettings = {
				BUNDLE_LOADER = "$(TEST_HOST)";
				CODE_SIGN_STYLE = Automatic;
				CURRENT_PROJECT_VERSION = 1;
				DEVELOPMENT_TEAM = 2R958J3YT6;
				GENERATE_INFOPLIST_FILE = YES;
				MACOSX_DEPLOYMENT_TARGET = 15.4;
				MARKETING_VERSION = 1.0;
				PRODUCT_BUNDLE_IDENTIFIER = TzJ.SoundControlTests;
				PRODUCT_NAME = "$(TARGET_NAME)";
				SWIFT_EMIT_LOC_STRINGS = NO;
				SWIFT_VERSION = 5.0;
				TEST_HOST = "$(BUILT_PRODUCTS_DIR)/SoundControl.app/$(BUNDLE_EXECUTABLE_FOLDER_PATH)/SoundControl";
			};
			name = Debug;
		};
		250B7F312E0139F700B06A31 /* Release */ = {
			isa = XCBuildConfiguration;
			buildSettings = {
				BUNDLE_LOADER = "$(TEST_HOST)";
				CODE_SIGN_STYLE = Automatic;
				CURRENT_PROJECT_VERSION = 1;
				DEVELOPMENT_TEAM = 2R958J3YT6;
				GENERATE_INFOPLIST_FILE = YES;
				MACOSX_DEPLOYMENT_TARGET = 15.4;
				MARKETING_VERSION = 1.0;
				PRODUCT_BUNDLE_IDENTIFIER = TzJ.SoundControlTests;
				PRODUCT_NAME = "$(TARGET_NAME)";
				SWIFT_EMIT_LOC_STRINGS = NO;
				SWIFT_VERSION = 5.0;
				TEST_HOST = "$(BUILT_PRODUCTS_DIR)/SoundControl.app/$(BUNDLE_EXECUTABLE_FOLDER_PATH)/SoundControl";
			};
			name = Release;
		};
		250B7F332E0139F700B06A31 /* Debug */ = {
			isa = XCBuildConfiguration;
			buildSettings = {
				CODE_SIGN_STYLE = Automatic;
				CURRENT_PROJECT_VERSION = 1;
				DEVELOPMENT_TEAM = 2R958J3YT6;
				GENERATE_INFOPLIST_FILE = YES;
				MARKETING_VERSION = 1.0;
				PRODUCT_BUNDLE_IDENTIFIER = TzJ.SoundControlUITests;
				PRODUCT_NAME = "$(TARGET_NAME)";
				SWIFT_EMIT_LOC_STRINGS = NO;
				SWIFT_VERSION = 5.0;
				TEST_TARGET_NAME = SoundControl;
			};
			name = Debug;
		};
		250B7F342E0139F700B06A31 /* Release */ = {
			isa = XCBuildConfiguration;
			buildSettings = {
				CODE_SIGN_STYLE = Automatic;
				CURRENT_PROJECT_VERSION = 1;
				DEVELOPMENT_TEAM = 2R958J3YT6;
				GENERATE_INFOPLIST_FILE = YES;
				MARKETING_VERSION = 1.0;
				PRODUCT_BUNDLE_IDENTIFIER = TzJ.SoundControlUITests;
				PRODUCT_NAME = "$(TARGET_NAME)";
				SWIFT_EMIT_LOC_STRINGS = NO;
				SWIFT_VERSION = 5.0;
				TEST_TARGET_NAME = SoundControl;
			};
			name = Release;
		};
/* End XCBuildConfiguration section */

/* Begin XCConfigurationList section */
		250B7F052E0139F600B06A31 /* Build configuration list for PBXProject "SoundControl" */ = {
			isa = XCConfigurationList;
			buildConfigurations = (
				250B7F2A2E0139F700B06A31 /* Debug */,
				250B7F2B2E0139F700B06A31 /* Release */,
			);
			defaultConfigurationIsVisible = 0;
			defaultConfigurationName = Release;
		};
		250B7F2C2E0139F700B06A31 /* Build configuration list for PBXNativeTarget "SoundControl" */ = {
			isa = XCConfigurationList;
			buildConfigurations = (
				250B7F2D2E0139F700B06A31 /* Debug */,
				250B7F2E2E0139F700B06A31 /* Release */,
			);
			defaultConfigurationIsVisible = 0;
			defaultConfigurationName = Release;
		};
		250B7F2F2E0139F700B06A31 /* Build configuration list for PBXNativeTarget "SoundControlTests" */ = {
			isa = XCConfigurationList;
			buildConfigurations = (
				250B7F302E0139F700B06A31 /* Debug */,
				250B7F312E0139F700B06A31 /* Release */,
			);
			defaultConfigurationIsVisible = 0;
			defaultConfigurationName = Release;
		};
		250B7F322E0139F700B06A31 /* Build configuration list for PBXNativeTarget "SoundControlUITests" */ = {
			isa = XCConfigurationList;
			buildConfigurations = (
				250B7F332E0139F700B06A31 /* Debug */,
				250B7F342E0139F700B06A31 /* Release */,
			);
			defaultConfigurationIsVisible = 0;
			defaultConfigurationName = Release;
		};
/* End XCConfigurationList section */
	};
	rootObject = 250B7F022E0139F600B06A31 /* Project object */;
}
